
Microsoft Visual Studio Solution File, Format Version 12.00
# Visual Studio Version 17
VisualStudioVersion = 17.10.35201.131
MinimumVisualStudioVersion = 10.0.40219.1
Project("{2150E333-8FDC-42A3-9474-1A3956D46DE8}") = "src", "src", "{3A045C07-3A87-426C-A5BC-FA19D4E5E74D}"
EndProject
Project("{9A19103F-16F7-4668-BE54-9A1E7A4F7556}") = "Domain", "src\Domain\Domain.csproj", "{15A08E37-7B10-4C98-BE62-B715F2CBB6B9}"
EndProject
Project("{9A19103F-16F7-4668-BE54-9A1E7A4F7556}") = "Application", "src\Application\Application.csproj", "{F2B5DCBC-8D28-48B3-84A5-7CA32F9D37AF}"
EndProject
Project("{9A19103F-16F7-4668-BE54-9A1E7A4F7556}") = "Infrastructure", "src\Infrastructure\Infrastructure.csproj", "{C56B3BEB-5569-4316-B361-77EBBDA81AF5}"
EndProject
Project("{9A19103F-16F7-4668-BE54-9A1E7A4F7556}") = "Presentation", "src\Presentation\Presentation.csproj", "{65AA07BC-F493-4FD7-9CC8-18BAB48A25EA}"
EndProject
Project("{9A19103F-16F7-4668-BE54-9A1E7A4F7556}") = "WebApi", "src\WebApi\WebApi.csproj", "{E0E58B66-B49B-4D48-8B05-99369B1FD180}"
EndProject
Project("{2150E333-8FDC-42A3-9474-1A3956D46DE8}") = "tests", "tests", "{93950319-4559-41F6-B6F3-41C9B6B88F7B}"
EndProject
Project("{9A19103F-16F7-4668-BE54-9A1E7A4F7556}") = "Clean_Architecture_Template_Tests", "tests\Clean_Architecture_Template_Tests\Clean_Architecture_Template_Tests.csproj", "{DE10FE49-E727-42BC-8568-683020F6FB88}"
EndProject
Global
	GlobalSection(SolutionConfigurationPlatforms) = preSolution
		Debug|Any CPU = Debug|Any CPU
		Release|Any CPU = Release|Any CPU
	EndGlobalSection
	GlobalSection(ProjectConfigurationPlatforms) = postSolution
		{15A08E37-7B10-4C98-BE62-B715F2CBB6B9}.Debug|Any CPU.ActiveCfg = Debug|Any CPU
		{15A08E37-7B10-4C98-BE62-B715F2CBB6B9}.Debug|Any CPU.Build.0 = Debug|Any CPU
		{15A08E37-7B10-4C98-BE62-B715F2CBB6B9}.Release|Any CPU.ActiveCfg = Release|Any CPU
		{15A08E37-7B10-4C98-BE62-B715F2CBB6B9}.Release|Any CPU.Build.0 = Release|Any CPU
		{F2B5DCBC-8D28-48B3-84A5-7CA32F9D37AF}.Debug|Any CPU.ActiveCfg = Debug|Any CPU
		{F2B5DCBC-8D28-48B3-84A5-7CA32F9D37AF}.Debug|Any CPU.Build.0 = Debug|Any CPU
		{F2B5DCBC-8D28-48B3-84A5-7CA32F9D37AF}.Release|Any CPU.ActiveCfg = Release|Any CPU
		{F2B5DCBC-8D28-48B3-84A5-7CA32F9D37AF}.Release|Any CPU.Build.0 = Release|Any CPU
		{C56B3BEB-5569-4316-B361-77EBBDA81AF5}.Debug|Any CPU.ActiveCfg = Debug|Any CPU
		{C56B3BEB-5569-4316-B361-77EBBDA81AF5}.Debug|Any CPU.Build.0 = Debug|Any CPU
		{C56B3BEB-5569-4316-B361-77EBBDA81AF5}.Release|Any CPU.ActiveCfg = Release|Any CPU
		{C56B3BEB-5569-4316-B361-77EBBDA81AF5}.Release|Any CPU.Build.0 = Release|Any CPU
		{65AA07BC-F493-4FD7-9CC8-18BAB48A25EA}.Debug|Any CPU.ActiveCfg = Debug|Any CPU
		{65AA07BC-F493-4FD7-9CC8-18BAB48A25EA}.Debug|Any CPU.Build.0 = Debug|Any CPU
		{65AA07BC-F493-4FD7-9CC8-18BAB48A25EA}.Release|Any CPU.ActiveCfg = Release|Any CPU
		{65AA07BC-F493-4FD7-9CC8-18BAB48A25EA}.Release|Any CPU.Build.0 = Release|Any CPU
		{E0E58B66-B49B-4D48-8B05-99369B1FD180}.Debug|Any CPU.ActiveCfg = Debug|Any CPU
		{E0E58B66-B49B-4D48-8B05-99369B1FD180}.Debug|Any CPU.Build.0 = Debug|Any CPU
		{E0E58B66-B49B-4D48-8B05-99369B1FD180}.Release|Any CPU.ActiveCfg = Release|Any CPU
		{E0E58B66-B49B-4D48-8B05-99369B1FD180}.Release|Any CPU.Build.0 = Release|Any CPU
		{DE10FE49-E727-42BC-8568-683020F6FB88}.Debug|Any CPU.ActiveCfg = Debug|Any CPU
		{DE10FE49-E727-42BC-8568-683020F6FB88}.Debug|Any CPU.Build.0 = Debug|Any CPU
		{DE10FE49-E727-42BC-8568-683020F6FB88}.Release|Any CPU.ActiveCfg = Release|Any CPU
		{DE10FE49-E727-42BC-8568-683020F6FB88}.Release|Any CPU.Build.0 = Release|Any CPU
	EndGlobalSection
	GlobalSection(SolutionProperties) = preSolution
		HideSolutionNode = FALSE
	EndGlobalSection
	GlobalSection(NestedProjects) = preSolution
		{15A08E37-7B10-4C98-BE62-B715F2CBB6B9} = {3A045C07-3A87-426C-A5BC-FA19D4E5E74D}
		{F2B5DCBC-8D28-48B3-84A5-7CA32F9D37AF} = {3A045C07-3A87-426C-A5BC-FA19D4E5E74D}
		{C56B3BEB-5569-4316-B361-77EBBDA81AF5} = {3A045C07-3A87-426C-A5BC-FA19D4E5E74D}
		{65AA07BC-F493-4FD7-9CC8-18BAB48A25EA} = {3A045C07-3A87-426C-A5BC-FA19D4E5E74D}
		{E0E58B66-B49B-4D48-8B05-99369B1FD180} = {3A045C07-3A87-426C-A5BC-FA19D4E5E74D}
		{DE10FE49-E727-42BC-8568-683020F6FB88} = {93950319-4559-41F6-B6F3-41C9B6B88F7B}
	EndGlobalSection
	GlobalSection(ExtensibilityGlobals) = postSolution
		SolutionGuid = {3EEC65E7-4C24-44EF-804A-291B494EA725}
	EndGlobalSection
EndGlobal
